// !$*UTF8*$!
{
	archiveVersion = 1;
	classes = {
	};
	objectVersion = 56;
	objects = {

/* Begin PBXBuildFile section */
		9A6C40A42B0C9351004D021E /* NewServiceWidgetView.swift in Sources */ = {isa = PBXBuildFile; fileRef = 9A6C40A32B0C9351004D021E /* NewServiceWidgetView.swift */; };
		9A6C40A62B0C9E26004D021E /* PreconfiguredView.swift in Sources */ = {isa = PBXBuildFile; fileRef = 9A6C40A52B0C9E26004D021E /* PreconfiguredView.swift */; };
		9A6D1B2B2B04A8F80097FFD1 /* sap_projectApp.swift in Sources */ = {isa = PBXBuildFile; fileRef = 9A6D1B2A2B04A8F80097FFD1 /* sap_projectApp.swift */; };
		9A6D1B2D2B04A8F80097FFD1 /* ContentView.swift in Sources */ = {isa = PBXBuildFile; fileRef = 9A6D1B2C2B04A8F80097FFD1 /* ContentView.swift */; };
		9A6D1B2F2B04A8FA0097FFD1 /* Assets.xcassets in Resources */ = {isa = PBXBuildFile; fileRef = 9A6D1B2E2B04A8FA0097FFD1 /* Assets.xcassets */; };
		9A6D1B322B04A8FA0097FFD1 /* Preview Assets.xcassets in Resources */ = {isa = PBXBuildFile; fileRef = 9A6D1B312B04A8FA0097FFD1 /* Preview Assets.xcassets */; };
		9AE80FBF2B118F5800C03A5E /* ServersView.swift in Sources */ = {isa = PBXBuildFile; fileRef = 9AE80FBE2B118F5800C03A5E /* ServersView.swift */; };
		9AE80FC12B11943B00C03A5E /* Server.swift in Sources */ = {isa = PBXBuildFile; fileRef = 9AE80FC02B11943B00C03A5E /* Server.swift */; };
		9AE80FC42B119FA700C03A5E /* KeychainAccess in Frameworks */ = {isa = PBXBuildFile; productRef = 9AE80FC32B119FA700C03A5E /* KeychainAccess */; };
		9AE80FC62B11A86100C03A5E /* PrivateKeySelectionView.swift in Sources */ = {isa = PBXBuildFile; fileRef = 9AE80FC52B11A86100C03A5E /* PrivateKeySelectionView.swift */; };
		9AE80FC82B11A94B00C03A5E /* PrivateKey.swift in Sources */ = {isa = PBXBuildFile; fileRef = 9AE80FC72B11A94B00C03A5E /* PrivateKey.swift */; };
		9AE80FCA2B11ACD400C03A5E /* PrivateKeyDetailsView.swift in Sources */ = {isa = PBXBuildFile; fileRef = 9AE80FC92B11ACD400C03A5E /* PrivateKeyDetailsView.swift */; };
		9AF631C12B04AAD6002FCF4C /* DashboardView.swift in Sources */ = {isa = PBXBuildFile; fileRef = 9AF631C02B04AAD6002FCF4C /* DashboardView.swift */; };
		9AF631C32B04AC71002FCF4C /* ServicesView.swift in Sources */ = {isa = PBXBuildFile; fileRef = 9AF631C22B04AC71002FCF4C /* ServicesView.swift */; };
		9AF631C52B04B343002FCF4C /* ServiceWidget.swift in Sources */ = {isa = PBXBuildFile; fileRef = 9AF631C42B04B343002FCF4C /* ServiceWidget.swift */; };
		F947C1D22B0C71A900D2AC62 /* ServerView.swift in Sources */ = {isa = PBXBuildFile; fileRef = F947C1D12B0C71A900D2AC62 /* ServerView.swift */; };
		F947C1D42B0C71E900D2AC62 /* WorkflowView.swift in Sources */ = {isa = PBXBuildFile; fileRef = F947C1D32B0C71E900D2AC62 /* WorkflowView.swift */; };
/* End PBXBuildFile section */

/* Begin PBXFileReference section */
		9A6C40A32B0C9351004D021E /* NewServiceWidgetView.swift */ = {isa = PBXFileReference; fileEncoding = 4; lastKnownFileType = sourcecode.swift; path = NewServiceWidgetView.swift; sourceTree = "<group>"; };
		9A6C40A52B0C9E26004D021E /* PreconfiguredView.swift */ = {isa = PBXFileReference; lastKnownFileType = sourcecode.swift; path = PreconfiguredView.swift; sourceTree = "<group>"; };
		9A6D1B272B04A8F80097FFD1 /* sap-project.app */ = {isa = PBXFileReference; explicitFileType = wrapper.application; includeInIndex = 0; path = "sap-project.app"; sourceTree = BUILT_PRODUCTS_DIR; };
		9A6D1B2A2B04A8F80097FFD1 /* sap_projectApp.swift */ = {isa = PBXFileReference; lastKnownFileType = sourcecode.swift; path = sap_projectApp.swift; sourceTree = "<group>"; };
		9A6D1B2C2B04A8F80097FFD1 /* ContentView.swift */ = {isa = PBXFileReference; lastKnownFileType = sourcecode.swift; path = ContentView.swift; sourceTree = "<group>"; };
		9A6D1B2E2B04A8FA0097FFD1 /* Assets.xcassets */ = {isa = PBXFileReference; lastKnownFileType = folder.assetcatalog; path = Assets.xcassets; sourceTree = "<group>"; };
		9A6D1B312B04A8FA0097FFD1 /* Preview Assets.xcassets */ = {isa = PBXFileReference; lastKnownFileType = folder.assetcatalog; path = "Preview Assets.xcassets"; sourceTree = "<group>"; };
		9AE80FBE2B118F5800C03A5E /* ServersView.swift */ = {isa = PBXFileReference; lastKnownFileType = sourcecode.swift; path = ServersView.swift; sourceTree = "<group>"; };
		9AE80FC02B11943B00C03A5E /* Server.swift */ = {isa = PBXFileReference; lastKnownFileType = sourcecode.swift; path = Server.swift; sourceTree = "<group>"; };
		9AE80FC52B11A86100C03A5E /* PrivateKeySelectionView.swift */ = {isa = PBXFileReference; lastKnownFileType = sourcecode.swift; path = PrivateKeySelectionView.swift; sourceTree = "<group>"; };
		9AE80FC72B11A94B00C03A5E /* PrivateKey.swift */ = {isa = PBXFileReference; lastKnownFileType = sourcecode.swift; path = PrivateKey.swift; sourceTree = "<group>"; };
		9AE80FC92B11ACD400C03A5E /* PrivateKeyDetailsView.swift */ = {isa = PBXFileReference; lastKnownFileType = sourcecode.swift; path = PrivateKeyDetailsView.swift; sourceTree = "<group>"; };
		9AF631C02B04AAD6002FCF4C /* DashboardView.swift */ = {isa = PBXFileReference; lastKnownFileType = sourcecode.swift; path = DashboardView.swift; sourceTree = "<group>"; };
		9AF631C22B04AC71002FCF4C /* ServicesView.swift */ = {isa = PBXFileReference; lastKnownFileType = sourcecode.swift; path = ServicesView.swift; sourceTree = "<group>"; };
		9AF631C42B04B343002FCF4C /* ServiceWidget.swift */ = {isa = PBXFileReference; lastKnownFileType = sourcecode.swift; path = ServiceWidget.swift; sourceTree = "<group>"; };
		F947C1D12B0C71A900D2AC62 /* ServerView.swift */ = {isa = PBXFileReference; lastKnownFileType = sourcecode.swift; path = ServerView.swift; sourceTree = "<group>"; };
		F947C1D32B0C71E900D2AC62 /* WorkflowView.swift */ = {isa = PBXFileReference; lastKnownFileType = sourcecode.swift; path = WorkflowView.swift; sourceTree = "<group>"; };
/* End PBXFileReference section */

/* Begin PBXFrameworksBuildPhase section */
		9A6D1B242B04A8F80097FFD1 /* Frameworks */ = {
			isa = PBXFrameworksBuildPhase;
			buildActionMask = 2147483647;
			files = (
				9AE80FC42B119FA700C03A5E /* KeychainAccess in Frameworks */,
			);
			runOnlyForDeploymentPostprocessing = 0;
		};
/* End PBXFrameworksBuildPhase section */

/* Begin PBXGroup section */
		9A6D1B1E2B04A8F80097FFD1 = {
			isa = PBXGroup;
			children = (
				9A6D1B292B04A8F80097FFD1 /* sap-project */,
				9A6D1B282B04A8F80097FFD1 /* Products */,
			);
			sourceTree = "<group>";
		};
		9A6D1B282B04A8F80097FFD1 /* Products */ = {
			isa = PBXGroup;
			children = (
				9A6D1B272B04A8F80097FFD1 /* sap-project.app */,
			);
			name = Products;
			sourceTree = "<group>";
		};
		9A6D1B292B04A8F80097FFD1 /* sap-project */ = {
			isa = PBXGroup;
			children = (
				9A6D1B2A2B04A8F80097FFD1 /* sap_projectApp.swift */,
				F9CF52E32B10932E00A3F140 /* Model and ViewModel */,
				F9CF52E42B10934400A3F140 /* View */,
				9A6D1B2E2B04A8FA0097FFD1 /* Assets.xcassets */,
				9A6D1B302B04A8FA0097FFD1 /* Preview Content */,
			);
			path = "sap-project";
			sourceTree = "<group>";
		};
		9A6D1B302B04A8FA0097FFD1 /* Preview Content */ = {
			isa = PBXGroup;
			children = (
				9A6D1B312B04A8FA0097FFD1 /* Preview Assets.xcassets */,
			);
			path = "Preview Content";
			sourceTree = "<group>";
		};
		F9CF52E32B10932E00A3F140 /* Model and ViewModel */ = {
			isa = PBXGroup;
			children = (
				9AF631C42B04B343002FCF4C /* ServiceWidget.swift */,
			);
			path = "Model and ViewModel";
			sourceTree = "<group>";
		};
		F9CF52E42B10934400A3F140 /* View */ = {
			isa = PBXGroup;
			children = (
				9A6D1B2C2B04A8F80097FFD1 /* ContentView.swift */,
				9AF631C02B04AAD6002FCF4C /* DashboardView.swift */,
				9AF631C22B04AC71002FCF4C /* ServicesView.swift */,
				F947C1D12B0C71A900D2AC62 /* ServerView.swift */,
				F947C1D32B0C71E900D2AC62 /* WorkflowView.swift */,
				9A6C40A32B0C9351004D021E /* NewServiceWidgetView.swift */,
				9A6C40A52B0C9E26004D021E /* PreconfiguredView.swift */,
				9AE80FBE2B118F5800C03A5E /* ServersView.swift */,
				9AE80FC52B11A86100C03A5E /* PrivateKeySelectionView.swift */,
				9AE80FC92B11ACD400C03A5E /* PrivateKeyDetailsView.swift */,
				9AE80FC72B11A94B00C03A5E /* PrivateKey.swift */,
				9AE80FC02B11943B00C03A5E /* Server.swift */,
			);
			path = View;
			sourceTree = "<group>";
		};
/* End PBXGroup section */

/* Begin PBXNativeTarget section */
		9A6D1B262B04A8F80097FFD1 /* sap-project */ = {
			isa = PBXNativeTarget;
			buildConfigurationList = 9A6D1B352B04A8FA0097FFD1 /* Build configuration list for PBXNativeTarget "sap-project" */;
			buildPhases = (
				9A6D1B232B04A8F80097FFD1 /* Sources */,
				9A6D1B242B04A8F80097FFD1 /* Frameworks */,
				9A6D1B252B04A8F80097FFD1 /* Resources */,
			);
			buildRules = (
			);
			dependencies = (
			);
			name = "sap-project";
			packageProductDependencies = (
				9AE80FC32B119FA700C03A5E /* KeychainAccess */,
			);
			productName = "sap-project";
			productReference = 9A6D1B272B04A8F80097FFD1 /* sap-project.app */;
			productType = "com.apple.product-type.application";
		};
/* End PBXNativeTarget section */

/* Begin PBXProject section */
		9A6D1B1F2B04A8F80097FFD1 /* Project object */ = {
			isa = PBXProject;
			attributes = {
				BuildIndependentTargetsInParallel = 1;
				LastSwiftUpdateCheck = 1500;
				LastUpgradeCheck = 1500;
				TargetAttributes = {
					9A6D1B262B04A8F80097FFD1 = {
						CreatedOnToolsVersion = 15.0;
					};
				};
			};
			buildConfigurationList = 9A6D1B222B04A8F80097FFD1 /* Build configuration list for PBXProject "sap-project" */;
			compatibilityVersion = "Xcode 14.0";
			developmentRegion = en;
			hasScannedForEncodings = 0;
			knownRegions = (
				en,
				Base,
			);
			mainGroup = 9A6D1B1E2B04A8F80097FFD1;
			packageReferences = (
				9AE80FC22B119FA700C03A5E /* XCRemoteSwiftPackageReference "KeychainAccess" */,
			);
			productRefGroup = 9A6D1B282B04A8F80097FFD1 /* Products */;
			projectDirPath = "";
			projectRoot = "";
			targets = (
				9A6D1B262B04A8F80097FFD1 /* sap-project */,
			);
		};
/* End PBXProject section */

/* Begin PBXResourcesBuildPhase section */
		9A6D1B252B04A8F80097FFD1 /* Resources */ = {
			isa = PBXResourcesBuildPhase;
			buildActionMask = 2147483647;
			files = (
				9A6D1B322B04A8FA0097FFD1 /* Preview Assets.xcassets in Resources */,
				9A6D1B2F2B04A8FA0097FFD1 /* Assets.xcassets in Resources */,
			);
			runOnlyForDeploymentPostprocessing = 0;
		};
/* End PBXResourcesBuildPhase section */

/* Begin PBXSourcesBuildPhase section */
		9A6D1B232B04A8F80097FFD1 /* Sources */ = {
			isa = PBXSourcesBuildPhase;
			buildActionMask = 2147483647;
			files = (
				9AF631C32B04AC71002FCF4C /* ServicesView.swift in Sources */,
				9AE80FCA2B11ACD400C03A5E /* PrivateKeyDetailsView.swift in Sources */,
				9AE80FC62B11A86100C03A5E /* PrivateKeySelectionView.swift in Sources */,
				9AF631C52B04B343002FCF4C /* ServiceWidget.swift in Sources */,
				F947C1D42B0C71E900D2AC62 /* WorkflowView.swift in Sources */,
				9A6C40A62B0C9E26004D021E /* PreconfiguredView.swift in Sources */,
				F947C1D22B0C71A900D2AC62 /* ServerView.swift in Sources */,
				9A6D1B2D2B04A8F80097FFD1 /* ContentView.swift in Sources */,
				9AE80FC12B11943B00C03A5E /* Server.swift in Sources */,
				9AF631C12B04AAD6002FCF4C /* DashboardView.swift in Sources */,
				9AE80FBF2B118F5800C03A5E /* ServersView.swift in Sources */,
				9A6D1B2B2B04A8F80097FFD1 /* sap_projectApp.swift in Sources */,
				9A6C40A42B0C9351004D021E /* NewServiceWidgetView.swift in Sources */,
				9AE80FC82B11A94B00C03A5E /* PrivateKey.swift in Sources */,
			);
			runOnlyForDeploymentPostprocessing = 0;
		};
/* End PBXSourcesBuildPhase section */

/* Begin XCBuildConfiguration section */
		9A6D1B332B04A8FA0097FFD1 /* Debug */ = {
			isa = XCBuildConfiguration;
			buildSettings = {
				ALWAYS_SEARCH_USER_PATHS = NO;
				ASSETCATALOG_COMPILER_GENERATE_SWIFT_ASSET_SYMBOL_EXTENSIONS = YES;
				CLANG_ANALYZER_NONNULL = YES;
				CLANG_ANALYZER_NUMBER_OBJECT_CONVERSION = YES_AGGRESSIVE;
				CLANG_CXX_LANGUAGE_STANDARD = "gnu++20";
				CLANG_ENABLE_MODULES = YES;
				CLANG_ENABLE_OBJC_ARC = YES;
				CLANG_ENABLE_OBJC_WEAK = YES;
				CLANG_WARN_BLOCK_CAPTURE_AUTORELEASING = YES;
				CLANG_WARN_BOOL_CONVERSION = YES;
				CLANG_WARN_COMMA = YES;
				CLANG_WARN_CONSTANT_CONVERSION = YES;
				CLANG_WARN_DEPRECATED_OBJC_IMPLEMENTATIONS = YES;
				CLANG_WARN_DIRECT_OBJC_ISA_USAGE = YES_ERROR;
				CLANG_WARN_DOCUMENTATION_COMMENTS = YES;
				CLANG_WARN_EMPTY_BODY = YES;
				CLANG_WARN_ENUM_CONVERSION = YES;
				CLANG_WARN_INFINITE_RECURSION = YES;
				CLANG_WARN_INT_CONVERSION = YES;
				CLANG_WARN_NON_LITERAL_NULL_CONVERSION = YES;
				CLANG_WARN_OBJC_IMPLICIT_RETAIN_SELF = YES;
				CLANG_WARN_OBJC_LITERAL_CONVERSION = YES;
				CLANG_WARN_OBJC_ROOT_CLASS = YES_ERROR;
				CLANG_WARN_QUOTED_INCLUDE_IN_FRAMEWORK_HEADER = YES;
				CLANG_WARN_RANGE_LOOP_ANALYSIS = YES;
				CLANG_WARN_STRICT_PROTOTYPES = YES;
				CLANG_WARN_SUSPICIOUS_MOVE = YES;
				CLANG_WARN_UNGUARDED_AVAILABILITY = YES_AGGRESSIVE;
				CLANG_WARN_UNREACHABLE_CODE = YES;
				CLANG_WARN__DUPLICATE_METHOD_MATCH = YES;
				COPY_PHASE_STRIP = NO;
				DEBUG_INFORMATION_FORMAT = dwarf;
				ENABLE_STRICT_OBJC_MSGSEND = YES;
				ENABLE_TESTABILITY = YES;
				ENABLE_USER_SCRIPT_SANDBOXING = YES;
				GCC_C_LANGUAGE_STANDARD = gnu17;
				GCC_DYNAMIC_NO_PIC = NO;
				GCC_NO_COMMON_BLOCKS = YES;
				GCC_OPTIMIZATION_LEVEL = 0;
				GCC_PREPROCESSOR_DEFINITIONS = (
					"DEBUG=1",
					"$(inherited)",
				);
				GCC_WARN_64_TO_32_BIT_CONVERSION = YES;
				GCC_WARN_ABOUT_RETURN_TYPE = YES_ERROR;
				GCC_WARN_UNDECLARED_SELECTOR = YES;
				GCC_WARN_UNINITIALIZED_AUTOS = YES_AGGRESSIVE;
				GCC_WARN_UNUSED_FUNCTION = YES;
				GCC_WARN_UNUSED_VARIABLE = YES;
				IPHONEOS_DEPLOYMENT_TARGET = 17.0;
				LOCALIZATION_PREFERS_STRING_CATALOGS = YES;
				MTL_ENABLE_DEBUG_INFO = INCLUDE_SOURCE;
				MTL_FAST_MATH = YES;
				ONLY_ACTIVE_ARCH = YES;
				SDKROOT = iphoneos;
				SWIFT_ACTIVE_COMPILATION_CONDITIONS = "DEBUG $(inherited)";
				SWIFT_OPTIMIZATION_LEVEL = "-Onone";
			};
			name = Debug;
		};
		9A6D1B342B04A8FA0097FFD1 /* Release */ = {
			isa = XCBuildConfiguration;
			buildSettings = {
				ALWAYS_SEARCH_USER_PATHS = NO;
				ASSETCATALOG_COMPILER_GENERATE_SWIFT_ASSET_SYMBOL_EXTENSIONS = YES;
				CLANG_ANALYZER_NONNULL = YES;
				CLANG_ANALYZER_NUMBER_OBJECT_CONVERSION = YES_AGGRESSIVE;
				CLANG_CXX_LANGUAGE_STANDARD = "gnu++20";
				CLANG_ENABLE_MODULES = YES;
				CLANG_ENABLE_OBJC_ARC = YES;
				CLANG_ENABLE_OBJC_WEAK = YES;
				CLANG_WARN_BLOCK_CAPTURE_AUTORELEASING = YES;
				CLANG_WARN_BOOL_CONVERSION = YES;
				CLANG_WARN_COMMA = YES;
				CLANG_WARN_CONSTANT_CONVERSION = YES;
				CLANG_WARN_DEPRECATED_OBJC_IMPLEMENTATIONS = YES;
				CLANG_WARN_DIRECT_OBJC_ISA_USAGE = YES_ERROR;
				CLANG_WARN_DOCUMENTATION_COMMENTS = YES;
				CLANG_WARN_EMPTY_BODY = YES;
				CLANG_WARN_ENUM_CONVERSION = YES;
				CLANG_WARN_INFINITE_RECURSION = YES;
				CLANG_WARN_INT_CONVERSION = YES;
				CLANG_WARN_NON_LITERAL_NULL_CONVERSION = YES;
				CLANG_WARN_OBJC_IMPLICIT_RETAIN_SELF = YES;
				CLANG_WARN_OBJC_LITERAL_CONVERSION = YES;
				CLANG_WARN_OBJC_ROOT_CLASS = YES_ERROR;
				CLANG_WARN_QUOTED_INCLUDE_IN_FRAMEWORK_HEADER = YES;
				CLANG_WARN_RANGE_LOOP_ANALYSIS = YES;
				CLANG_WARN_STRICT_PROTOTYPES = YES;
				CLANG_WARN_SUSPICIOUS_MOVE = YES;
				CLANG_WARN_UNGUARDED_AVAILABILITY = YES_AGGRESSIVE;
				CLANG_WARN_UNREACHABLE_CODE = YES;
				CLANG_WARN__DUPLICATE_METHOD_MATCH = YES;
				COPY_PHASE_STRIP = NO;
				DEBUG_INFORMATION_FORMAT = "dwarf-with-dsym";
				ENABLE_NS_ASSERTIONS = NO;
				ENABLE_STRICT_OBJC_MSGSEND = YES;
				ENABLE_USER_SCRIPT_SANDBOXING = YES;
				GCC_C_LANGUAGE_STANDARD = gnu17;
				GCC_NO_COMMON_BLOCKS = YES;
				GCC_WARN_64_TO_32_BIT_CONVERSION = YES;
				GCC_WARN_ABOUT_RETURN_TYPE = YES_ERROR;
				GCC_WARN_UNDECLARED_SELECTOR = YES;
				GCC_WARN_UNINITIALIZED_AUTOS = YES_AGGRESSIVE;
				GCC_WARN_UNUSED_FUNCTION = YES;
				GCC_WARN_UNUSED_VARIABLE = YES;
				IPHONEOS_DEPLOYMENT_TARGET = 17.0;
				LOCALIZATION_PREFERS_STRING_CATALOGS = YES;
				MTL_ENABLE_DEBUG_INFO = NO;
				MTL_FAST_MATH = YES;
				SDKROOT = iphoneos;
				SWIFT_COMPILATION_MODE = wholemodule;
				VALIDATE_PRODUCT = YES;
			};
			name = Release;
		};
		9A6D1B362B04A8FA0097FFD1 /* Debug */ = {
			isa = XCBuildConfiguration;
			buildSettings = {
				ASSETCATALOG_COMPILER_APPICON_NAME = AppIcon;
				ASSETCATALOG_COMPILER_GLOBAL_ACCENT_COLOR_NAME = AccentColor;
				CODE_SIGN_STYLE = Automatic;
				CURRENT_PROJECT_VERSION = 1;
				DEVELOPMENT_ASSET_PATHS = "\"sap-project/Preview Content\"";
				DEVELOPMENT_TEAM = 5MUNL23YX4;
				ENABLE_PREVIEWS = YES;
				GENERATE_INFOPLIST_FILE = YES;
				INFOPLIST_KEY_UIApplicationSceneManifest_Generation = YES;
				INFOPLIST_KEY_UIApplicationSupportsIndirectInputEvents = YES;
				INFOPLIST_KEY_UILaunchScreen_Generation = YES;
				INFOPLIST_KEY_UISupportedInterfaceOrientations_iPad = "UIInterfaceOrientationPortrait UIInterfaceOrientationPortraitUpsideDown UIInterfaceOrientationLandscapeLeft UIInterfaceOrientationLandscapeRight";
				INFOPLIST_KEY_UISupportedInterfaceOrientations_iPhone = "UIInterfaceOrientationPortrait UIInterfaceOrientationLandscapeLeft UIInterfaceOrientationLandscapeRight";
				LD_RUNPATH_SEARCH_PATHS = (
					"$(inherited)",
					"@executable_path/Frameworks",
				);
				MARKETING_VERSION = 1.0;
				PRODUCT_BUNDLE_IDENTIFIER = "com.simonfalke.sap-project";
				PRODUCT_NAME = "$(TARGET_NAME)";
				SWIFT_EMIT_LOC_STRINGS = YES;
				SWIFT_VERSION = 5.0;
				TARGETED_DEVICE_FAMILY = "1,2";
			};
			name = Debug;
		};
		9A6D1B372B04A8FA0097FFD1 /* Release */ = {
			isa = XCBuildConfiguration;
			buildSettings = {
				ASSETCATALOG_COMPILER_APPICON_NAME = AppIcon;
				ASSETCATALOG_COMPILER_GLOBAL_ACCENT_COLOR_NAME = AccentColor;
				CODE_SIGN_STYLE = Automatic;
				CURRENT_PROJECT_VERSION = 1;
				DEVELOPMENT_ASSET_PATHS = "\"sap-project/Preview Content\"";
				DEVELOPMENT_TEAM = 5MUNL23YX4;
				ENABLE_PREVIEWS = YES;
				GENERATE_INFOPLIST_FILE = YES;
				INFOPLIST_KEY_UIApplicationSceneManifest_Generation = YES;
				INFOPLIST_KEY_UIApplicationSupportsIndirectInputEvents = YES;
				INFOPLIST_KEY_UILaunchScreen_Generation = YES;
				INFOPLIST_KEY_UISupportedInterfaceOrientations_iPad = "UIInterfaceOrientationPortrait UIInterfaceOrientationPortraitUpsideDown UIInterfaceOrientationLandscapeLeft UIInterfaceOrientationLandscapeRight";
				INFOPLIST_KEY_UISupportedInterfaceOrientations_iPhone = "UIInterfaceOrientationPortrait UIInterfaceOrientationLandscapeLeft UIInterfaceOrientationLandscapeRight";
				LD_RUNPATH_SEARCH_PATHS = (
					"$(inherited)",
					"@executable_path/Frameworks",
				);
				MARKETING_VERSION = 1.0;
				PRODUCT_BUNDLE_IDENTIFIER = "com.simonfalke.sap-project";
				PRODUCT_NAME = "$(TARGET_NAME)";
				SWIFT_EMIT_LOC_STRINGS = YES;
				SWIFT_VERSION = 5.0;
				TARGETED_DEVICE_FAMILY = "1,2";
			};
			name = Release;
		};
/* End XCBuildConfiguration section */

/* Begin XCConfigurationList section */
		9A6D1B222B04A8F80097FFD1 /* Build configuration list for PBXProject "sap-project" */ = {
			isa = XCConfigurationList;
			buildConfigurations = (
				9A6D1B332B04A8FA0097FFD1 /* Debug */,
				9A6D1B342B04A8FA0097FFD1 /* Release */,
			);
			defaultConfigurationIsVisible = 0;
			defaultConfigurationName = Release;
		};
		9A6D1B352B04A8FA0097FFD1 /* Build configuration list for PBXNativeTarget "sap-project" */ = {
			isa = XCConfigurationList;
			buildConfigurations = (
				9A6D1B362B04A8FA0097FFD1 /* Debug */,
				9A6D1B372B04A8FA0097FFD1 /* Release */,
			);
			defaultConfigurationIsVisible = 0;
			defaultConfigurationName = Release;
		};
/* End XCConfigurationList section */

/* Begin XCRemoteSwiftPackageReference section */
		9AE80FC22B119FA700C03A5E /* XCRemoteSwiftPackageReference "KeychainAccess" */ = {
			isa = XCRemoteSwiftPackageReference;
			repositoryURL = "https://github.com/kishikawakatsumi/KeychainAccess";
			requirement = {
				branch = master;
				kind = branch;
			};
		};
/* End XCRemoteSwiftPackageReference section */

/* Begin XCSwiftPackageProductDependency section */
		9AE80FC32B119FA700C03A5E /* KeychainAccess */ = {
			isa = XCSwiftPackageProductDependency;
			package = 9AE80FC22B119FA700C03A5E /* XCRemoteSwiftPackageReference "KeychainAccess" */;
			productName = KeychainAccess;
		};
/* End XCSwiftPackageProductDependency section */
	};
	rootObject = 9A6D1B1F2B04A8F80097FFD1 /* Project object */;
}
